speakeasyVersion: 1.402.12
sources:
    SpaceExplorer-OAS:
        sourceNamespace: space-explorer-oas
        sourceRevisionDigest: sha256:61795964730c6b968439e8bde7157a8d86bccfd4c4d848896c3ef8a56c9a28ff
        sourceBlobDigest: sha256:35cd4a08c62c42c3ac8504a9e37610f67b81aa8f006c5a41678223719a6222d5
        tags:
            - latest
            - main
targets:
    space-explorer:
        source: SpaceExplorer-OAS
        sourceNamespace: space-explorer-oas
        sourceRevisionDigest: sha256:61795964730c6b968439e8bde7157a8d86bccfd4c4d848896c3ef8a56c9a28ff
        sourceBlobDigest: sha256:35cd4a08c62c42c3ac8504a9e37610f67b81aa8f006c5a41678223719a6222d5
workflow:
    workflowVersion: 1.0.0
    speakeasyVersion: latest
    sources:
        SpaceExplorer-OAS:
            inputs:
                - location: openapi.yaml
            overlays:
                - location: .speakeasy/speakeasy-modifications-overlay.yaml
            registry:
                location: registry.speakeasyapi.dev/loganinc/loganinc/space-explorer-oas
    targets:
        space-explorer:
            target: typescript
            source: SpaceExplorer-OAS
