speakeasyVersion: 1.402.14
sources:
    SpaceExplorer-OAS:
        sourceNamespace: space-explorer-oas
        sourceRevisionDigest: sha256:04c1662982b9d3d07f12296387baae48cc0cc9ed26168e88bb06c43cfe08a75d
        sourceBlobDigest: sha256:e94420b8a3e9eba86e7f2dae7be877c0d64175fad299c36d7bc2bd556f97de71
        tags:
            - latest
            - main
targets:
    space-explorer:
        source: SpaceExplorer-OAS
        sourceNamespace: space-explorer-oas
        sourceRevisionDigest: sha256:04c1662982b9d3d07f12296387baae48cc0cc9ed26168e88bb06c43cfe08a75d
        sourceBlobDigest: sha256:e94420b8a3e9eba86e7f2dae7be877c0d64175fad299c36d7bc2bd556f97de71
workflow:
    workflowVersion: 1.0.0
    speakeasyVersion: latest
    sources:
        SpaceExplorer-OAS:
            inputs:
                - location: openapi.yaml
            overlays:
                - location: .speakeasy/speakeasy-modifications-overlay.yaml
            registry:
                location: registry.speakeasyapi.dev/loganinc/loganinc/space-explorer-oas
    targets:
        space-explorer:
            target: typescript
            source: SpaceExplorer-OAS
